// !$*UTF8*$!
{
	archiveVersion = 1;
	classes = {
	};
	objectVersion = 45;
	objects = {

/* Begin PBXFileReference section */
		46B749090F3185A300468348 /* radio.c */ = {isa = PBXFileReference; fileEncoding = 4; lastKnownFileType = sourcecode.c.c; name = radio.c; path = radio/radio.c; sourceTree = "<group>"; };
		46B7490A0F3185B200468348 /* radio.h */ = {isa = PBXFileReference; fileEncoding = 4; lastKnownFileType = sourcecode.c.h; name = radio.h; path = radio/radio.h; sourceTree = "<group>"; };
		46B7490B0F3185C700468348 /* uart.c */ = {isa = PBXFileReference; fileEncoding = 4; lastKnownFileType = sourcecode.c.c; name = uart.c; path = ../uart/uart.c; sourceTree = SOURCE_ROOT; };
		46B7490C0F3185C700468348 /* uart.h */ = {isa = PBXFileReference; fileEncoding = 4; lastKnownFileType = sourcecode.c.h; name = uart.h; path = ../uart/uart.h; sourceTree = SOURCE_ROOT; };
		46B7490D0F3185E100468348 /* Motor.c */ = {isa = PBXFileReference; fileEncoding = 4; lastKnownFileType = sourcecode.c.c; name = Motor.c; path = ../Motor/Motor.c; sourceTree = SOURCE_ROOT; };
		46B7490E0F3185E100468348 /* Motor.h */ = {isa = PBXFileReference; fileEncoding = 4; lastKnownFileType = sourcecode.c.h; name = Motor.h; path = ../Motor/Motor.h; sourceTree = SOURCE_ROOT; };
		46B7498D0F329EE600468348 /* sonar.c */ = {isa = PBXFileReference; fileEncoding = 4; lastKnownFileType = sourcecode.c.c; name = sonar.c; path = ../Sonar/sonar.c; sourceTree = SOURCE_ROOT; };
		46B7498E0F329EE600468348 /* sonar.h */ = {isa = PBXFileReference; fileEncoding = 4; lastKnownFileType = sourcecode.c.h; name = sonar.h; path = ../Sonar/sonar.h; sourceTree = SOURCE_ROOT; };
		46B749CE0F32A21F00468348 /* servo.c */ = {isa = PBXFileReference; fileEncoding = 4; lastKnownFileType = sourcecode.c.c; name = servo.c; path = ../Servo/servo.c; sourceTree = SOURCE_ROOT; };
		46B749CF0F32A21F00468348 /* servo.h */ = {isa = PBXFileReference; fileEncoding = 4; lastKnownFileType = sourcecode.c.h; name = servo.h; path = ../Servo/servo.h; sourceTree = SOURCE_ROOT; };
		998665F80F2C51AD00E40BAC /* Makefile */ = {isa = PBXFileReference; fileEncoding = 30; lastKnownFileType = sourcecode.make; path = Makefile; sourceTree = "<group>"; };
		99F6F15B0F2CFA82006241A9 /* Hover-StationMain.c */ = {isa = PBXFileReference; fileEncoding = 30; lastKnownFileType = sourcecode.c.c; path = "Hover-StationMain.c"; sourceTree = "<group>"; };
		99FF45320F2C57E00066AFE2 /* common.h */ = {isa = PBXFileReference; fileEncoding = 4; lastKnownFileType = sourcecode.c.h; path = common.h; sourceTree = "<group>"; };
/* End PBXFileReference section */

/* Begin PBXGroup section */
		08FB7794FE84155DC02AAC07 /* Project */ = {
			isa = PBXGroup;
			children = (
				99FF45280F2C57B20066AFE2 /* Headers */,
				9939D9B10F2C4F1F001D2A52 /* Source */,
				998665F70F2C519800E40BAC /* Others */,
			);
			name = Project;
			sourceTree = "<group>";
		};
		9939D9B10F2C4F1F001D2A52 /* Source */ = {
			isa = PBXGroup;
			children = (
				46B749CE0F32A21F00468348 /* servo.c */,
				46B7498D0F329EE600468348 /* sonar.c */,
				46B7490D0F3185E100468348 /* Motor.c */,
				46B7490B0F3185C700468348 /* uart.c */,
				46B749090F3185A300468348 /* radio.c */,
				99F6F15B0F2CFA82006241A9 /* Hover-StationMain.c */,
			);
			name = Source;
			sourceTree = "<group>";
		};
		998665F70F2C519800E40BAC /* Others */ = {
			isa = PBXGroup;
			children = (
				998665F80F2C51AD00E40BAC /* Makefile */,
			);
			name = Others;
			sourceTree = "<group>";
		};
		99FF45280F2C57B20066AFE2 /* Headers */ = {
			isa = PBXGroup;
			children = (
				46B749CF0F32A21F00468348 /* servo.h */,
				46B7498E0F329EE600468348 /* sonar.h */,
				46B7490E0F3185E100468348 /* Motor.h */,
				46B7490C0F3185C700468348 /* uart.h */,
				46B7490A0F3185B200468348 /* radio.h */,
				99FF45320F2C57E00066AFE2 /* common.h */,
			);
			name = Headers;
			sourceTree = "<group>";
		};
/* End PBXGroup section */

/* Begin PBXLegacyTarget section */
		998236420F2CF6AD00591BD9 /* Hover-Station-Flash */ = {
			isa = PBXLegacyTarget;
			buildArgumentsString = flash;
			buildConfigurationList = 9982364A0F2CF6B200591BD9 /* Build configuration list for PBXLegacyTarget "Hover-Station-Flash" */;
			buildPhases = (
			);
			buildToolPath = /usr/bin/make;
			dependencies = (
			);
			name = "Hover-Station-Flash";
			passBuildSettingsInEnvironment = 1;
			productName = "Hover-Station-Flash";
		};
		D28A88AD04BDD90700651E21 /* Hover-Station */ = {
			isa = PBXLegacyTarget;
			buildArgumentsString = "$(ACTION)";
			buildConfigurationList = 1DEB918F08733D9F0010E9CD /* Build configuration list for PBXLegacyTarget "Hover-Station" */;
			buildPhases = (
			);
			buildToolPath = /usr/bin/make;
			buildWorkingDirectory = "";
			dependencies = (
			);
			name = "Hover-Station";
			passBuildSettingsInEnvironment = 1;
			productName = Project;
		};
/* End PBXLegacyTarget section */

/* Begin PBXProject section */
		08FB7793FE84155DC02AAC07 /* Project object */ = {
			isa = PBXProject;
			buildConfigurationList = 1DEB919308733D9F0010E9CD /* Build configuration list for PBXProject "Hover-Station" */;
			compatibilityVersion = "Xcode 3.1";
			hasScannedForEncodings = 1;
			mainGroup = 08FB7794FE84155DC02AAC07 /* Project */;
			projectDirPath = "";
			projectRoot = "";
			targets = (
				D28A88AD04BDD90700651E21 /* Hover-Station */,
				998236420F2CF6AD00591BD9 /* Hover-Station-Flash */,
			);
		};
/* End PBXProject section */

/* Begin XCBuildConfiguration section */
		1DEB919008733D9F0010E9CD /* Debug */ = {
			isa = XCBuildConfiguration;
			buildSettings = {
				COPY_PHASE_STRIP = NO;
				DEBUGGING_SYMBOLS = YES;
				GCC_ENABLE_FIX_AND_CONTINUE = YES;
				GCC_GENERATE_DEBUGGING_SYMBOLS = YES;
				GCC_OPTIMIZATION_LEVEL = 0;
				OTHER_CFLAGS = "";
				OTHER_LDFLAGS = "";
				PRODUCT_NAME = "Hover-Station";
			};
			name = Debug;
		};
		1DEB919108733D9F0010E9CD /* Release */ = {
			isa = XCBuildConfiguration;
			buildSettings = {
				CFG = release;
				COPY_PHASE_STRIP = YES;
				GCC_ENABLE_FIX_AND_CONTINUE = NO;
				OTHER_CFLAGS = "";
				OTHER_LDFLAGS = "";
				PRODUCT_NAME = "Hover-Station";
			};
			name = Release;
		};
		1DEB919408733D9F0010E9CD /* Debug */ = {
			isa = XCBuildConfiguration;
			buildSettings = {
				ARCHS = "$(ARCHS_STANDARD_32_BIT)";
				GCC_WARN_ABOUT_RETURN_TYPE = YES;
				GCC_WARN_UNUSED_VARIABLE = YES;
				HEADER_SEARCH_PATHS = "/usr/local/AVRMacPack/avr-4/include/**";
				ONLY_ACTIVE_ARCH = YES;
				PATH = "/usr/local/bin/:/usr/local/AVRMacPack/bin/:$PATH";
				PREBINDING = NO;
				SDKROOT = macosx10.5;
			};
			name = Debug;
		};
		1DEB919508733D9F0010E9CD /* Release */ = {
			isa = XCBuildConfiguration;
			buildSettings = {
				ARCHS = "$(ARCHS_STANDARD_32_BIT)";
				GCC_WARN_ABOUT_RETURN_TYPE = YES;
				GCC_WARN_UNUSED_VARIABLE = YES;
				HEADER_SEARCH_PATHS = "/usr/local/AVRMacPack/avr-4/include/**";
				PATH = "/usr/local/bin/:/usr/local/AVRMacPack/bin/:$PATH";
				PREBINDING = NO;
				SDKROOT = macosx10.5;
			};
			name = Release;
		};
		998236430F2CF6AD00591BD9 /* Debug */ = {
			isa = XCBuildConfiguration;
			buildSettings = {
				COPY_PHASE_STRIP = NO;
				GCC_DYNAMIC_NO_PIC = NO;
				GCC_OPTIMIZATION_LEVEL = 0;
				PRODUCT_NAME = "Hover-Station-Flash";
			};
			name = Debug;
		};
		998236440F2CF6AD00591BD9 /* Release */ = {
			isa = XCBuildConfiguration;
			buildSettings = {
				COPY_PHASE_STRIP = YES;
				DEBUG_INFORMATION_FORMAT = "dwarf-with-dsym";
				GCC_ENABLE_FIX_AND_CONTINUE = NO;
				PRODUCT_NAME = "Hover-Station-Flash";
				ZERO_LINK = NO;
			};
			name = Release;
		};
/* End XCBuildConfiguration section */

/* Begin XCConfigurationList section */
		1DEB918F08733D9F0010E9CD /* Build configuration list for PBXLegacyTarget "Hover-Station" */ = {
			isa = XCConfigurationList;
			buildConfigurations = (
				1DEB919008733D9F0010E9CD /* Debug */,
				1DEB919108733D9F0010E9CD /* Release */,
			);
			defaultConfigurationIsVisible = 0;
			defaultConfigurationName = Release;
		};
		1DEB919308733D9F0010E9CD /* Build configuration list for PBXProject "Hover-Station" */ = {
			isa = XCConfigurationList;
			buildConfigurations = (
				1DEB919408733D9F0010E9CD /* Debug */,
				1DEB919508733D9F0010E9CD /* Release */,
			);
			defaultConfigurationIsVisible = 0;
			defaultConfigurationName = Release;
		};
		9982364A0F2CF6B200591BD9 /* Build configuration list for PBXLegacyTarget "Hover-Station-Flash" */ = {
			isa = XCConfigurationList;
			buildConfigurations = (
				998236430F2CF6AD00591BD9 /* Debug */,
				998236440F2CF6AD00591BD9 /* Release */,
			);
			defaultConfigurationIsVisible = 0;
			defaultConfigurationName = Release;
		};
/* End XCConfigurationList section */
	};
	rootObject = 08FB7793FE84155DC02AAC07 /* Project object */;
}
